// !$*UTF8*$!
{
	archiveVersion = 1;
	classes = {
	};
	objectVersion = 46;
	objects = {

/* Begin PBXBuildFile section */
		C94849F0194E967300B0B0A2 /* StringExtensions.swift in Sources */ = {isa = PBXBuildFile; fileRef = C94849EF194E967300B0B0A2 /* StringExtensions.swift */; };
		C9496AD7193DB1080019E371 /* main.m in Sources */ = {isa = PBXBuildFile; fileRef = C9496AD6193DB1080019E371 /* main.m */; };
		C9496ADA193DB1080019E371 /* AppDelegate.m in Sources */ = {isa = PBXBuildFile; fileRef = C9496AD9193DB1080019E371 /* AppDelegate.m */; };
		C9496AE0193DB1080019E371 /* Main.storyboard in Resources */ = {isa = PBXBuildFile; fileRef = C9496ADE193DB1080019E371 /* Main.storyboard */; };
		C9496AE2193DB1080019E371 /* Images.xcassets in Resources */ = {isa = PBXBuildFile; fileRef = C9496AE1193DB1080019E371 /* Images.xcassets */; };
		C9496AEE193DB1080019E371 /* KeyboardTests.m in Sources */ = {isa = PBXBuildFile; fileRef = C9496AED193DB1080019E371 /* KeyboardTests.m */; };
		C95A10F7194E683D00158C31 /* KeyboardViewController.swift in Sources */ = {isa = PBXBuildFile; fileRef = C95A10F6194E683D00158C31 /* KeyboardViewController.swift */; };
		C95A10FA194E683D00158C31 /* mattzanchelli.Keyboard.KeyboardExtension.appex in Embed App Extensions */ = {isa = PBXBuildFile; fileRef = C95A10F2194E683D00158C31 /* mattzanchelli.Keyboard.KeyboardExtension.appex */; };
		C98CA733194FFC4B0099B9F7 /* ShiftKey.swift in Sources */ = {isa = PBXBuildFile; fileRef = C98CA732194FFC4B0099B9F7 /* ShiftKey.swift */; };
		C9D18820194EBA62003739C1 /* Images.xcassets in Resources */ = {isa = PBXBuildFile; fileRef = C9D1881F194EBA62003739C1 /* Images.xcassets */; };
		C9DC8674194FB3380014EAE9 /* Spacebar.swift in Sources */ = {isa = PBXBuildFile; fileRef = C9DC8673194FB3380014EAE9 /* Spacebar.swift */; };
		C9DEE71A194E6A98005B6296 /* KeyboardViewController_Traits.swift in Sources */ = {isa = PBXBuildFile; fileRef = C9DEE719194E6A98005B6296 /* KeyboardViewController_Traits.swift */; };
		C9DEE71C194E7372005B6296 /* KeyboardAppearance.swift in Sources */ = {isa = PBXBuildFile; fileRef = C9DEE71B194E7372005B6296 /* KeyboardAppearance.swift */; };
		C9DF2810194EE3F500BDFCB1 /* KeyboardKey.swift in Sources */ = {isa = PBXBuildFile; fileRef = C9DF280F194EE3F500BDFCB1 /* KeyboardKey.swift */; };
		C9DF2812194EECA000BDFCB1 /* KeyboardDivider.swift in Sources */ = {isa = PBXBuildFile; fileRef = C9DF2811194EECA000BDFCB1 /* KeyboardDivider.swift */; };
		C9E39E49194EDC3B00FB7C8A /* ViewController.swift in Sources */ = {isa = PBXBuildFile; fileRef = C9E39E48194EDC3B00FB7C8A /* ViewController.swift */; };
/* End PBXBuildFile section */

/* Begin PBXContainerItemProxy section */
		C9496AE8193DB1080019E371 /* PBXContainerItemProxy */ = {
			isa = PBXContainerItemProxy;
			containerPortal = C9496AC9193DB1080019E371 /* Project object */;
			proxyType = 1;
			remoteGlobalIDString = C9496AD0193DB1080019E371;
			remoteInfo = Keyboard;
		};
		C95A10F8194E683D00158C31 /* PBXContainerItemProxy */ = {
			isa = PBXContainerItemProxy;
			containerPortal = C9496AC9193DB1080019E371 /* Project object */;
			proxyType = 1;
			remoteGlobalIDString = C95A10F1194E683D00158C31;
			remoteInfo = KeyboardExtension;
		};
		C95A10FB194E683D00158C31 /* PBXContainerItemProxy */ = {
			isa = PBXContainerItemProxy;
			containerPortal = C9496AC9193DB1080019E371 /* Project object */;
			proxyType = 1;
			remoteGlobalIDString = C95A10F1194E683D00158C31;
			remoteInfo = KeyboardExtension;
		};
/* End PBXContainerItemProxy section */

/* Begin PBXCopyFilesBuildPhase section */
		C9496B0A193DB1410019E371 /* Embed App Extensions */ = {
			isa = PBXCopyFilesBuildPhase;
			buildActionMask = 2147483647;
			dstPath = "";
			dstSubfolderSpec = 13;
			files = (
				C95A10FA194E683D00158C31 /* mattzanchelli.Keyboard.KeyboardExtension.appex in Embed App Extensions */,
			);
			name = "Embed App Extensions";
			runOnlyForDeploymentPostprocessing = 0;
		};
/* End PBXCopyFilesBuildPhase section */

/* Begin PBXFileReference section */
		C94849EF194E967300B0B0A2 /* StringExtensions.swift */ = {isa = PBXFileReference; fileEncoding = 4; lastKnownFileType = sourcecode.swift; path = StringExtensions.swift; sourceTree = "<group>"; };
		C9496AD1193DB1080019E371 /* Keyboard.app */ = {isa = PBXFileReference; explicitFileType = wrapper.application; includeInIndex = 0; path = Keyboard.app; sourceTree = BUILT_PRODUCTS_DIR; };
		C9496AD5193DB1080019E371 /* Info.plist */ = {isa = PBXFileReference; lastKnownFileType = text.plist.xml; path = Info.plist; sourceTree = "<group>"; };
		C9496AD6193DB1080019E371 /* main.m */ = {isa = PBXFileReference; lastKnownFileType = sourcecode.c.objc; path = main.m; sourceTree = "<group>"; };
		C9496AD8193DB1080019E371 /* AppDelegate.h */ = {isa = PBXFileReference; lastKnownFileType = sourcecode.c.h; path = AppDelegate.h; sourceTree = "<group>"; };
		C9496AD9193DB1080019E371 /* AppDelegate.m */ = {isa = PBXFileReference; lastKnownFileType = sourcecode.c.objc; path = AppDelegate.m; sourceTree = "<group>"; };
		C9496ADF193DB1080019E371 /* Base */ = {isa = PBXFileReference; lastKnownFileType = file.storyboard; name = Base; path = Base.lproj/Main.storyboard; sourceTree = "<group>"; };
		C9496AE1193DB1080019E371 /* Images.xcassets */ = {isa = PBXFileReference; lastKnownFileType = folder.assetcatalog; path = Images.xcassets; sourceTree = "<group>"; };
		C9496AE7193DB1080019E371 /* KeyboardTests.xctest */ = {isa = PBXFileReference; explicitFileType = wrapper.cfbundle; includeInIndex = 0; path = KeyboardTests.xctest; sourceTree = BUILT_PRODUCTS_DIR; };
		C9496AEC193DB1080019E371 /* Info.plist */ = {isa = PBXFileReference; lastKnownFileType = text.plist.xml; path = Info.plist; sourceTree = "<group>"; };
		C9496AED193DB1080019E371 /* KeyboardTests.m */ = {isa = PBXFileReference; lastKnownFileType = sourcecode.c.objc; path = KeyboardTests.m; sourceTree = "<group>"; };
		C95A10F2194E683D00158C31 /* mattzanchelli.Keyboard.KeyboardExtension.appex */ = {isa = PBXFileReference; explicitFileType = "wrapper.app-extension"; includeInIndex = 0; path = mattzanchelli.Keyboard.KeyboardExtension.appex; sourceTree = BUILT_PRODUCTS_DIR; };
		C95A10F5194E683D00158C31 /* Info.plist */ = {isa = PBXFileReference; lastKnownFileType = text.plist.xml; path = Info.plist; sourceTree = "<group>"; };
		C95A10F6194E683D00158C31 /* KeyboardViewController.swift */ = {isa = PBXFileReference; lastKnownFileType = sourcecode.swift; path = KeyboardViewController.swift; sourceTree = "<group>"; };
		C98CA732194FFC4B0099B9F7 /* ShiftKey.swift */ = {isa = PBXFileReference; fileEncoding = 4; lastKnownFileType = sourcecode.swift; path = ShiftKey.swift; sourceTree = "<group>"; };
		C9D1881F194EBA62003739C1 /* Images.xcassets */ = {isa = PBXFileReference; lastKnownFileType = folder.assetcatalog; path = Images.xcassets; sourceTree = "<group>"; };
		C9DC8673194FB3380014EAE9 /* Spacebar.swift */ = {isa = PBXFileReference; fileEncoding = 4; lastKnownFileType = sourcecode.swift; path = Spacebar.swift; sourceTree = "<group>"; };
		C9DEE719194E6A98005B6296 /* KeyboardViewController_Traits.swift */ = {isa = PBXFileReference; fileEncoding = 4; lastKnownFileType = sourcecode.swift; path = KeyboardViewController_Traits.swift; sourceTree = "<group>"; };
		C9DEE71B194E7372005B6296 /* KeyboardAppearance.swift */ = {isa = PBXFileReference; fileEncoding = 4; lastKnownFileType = sourcecode.swift; path = KeyboardAppearance.swift; sourceTree = "<group>"; };
		C9DF280F194EE3F500BDFCB1 /* KeyboardKey.swift */ = {isa = PBXFileReference; fileEncoding = 4; lastKnownFileType = sourcecode.swift; path = KeyboardKey.swift; sourceTree = "<group>"; };
		C9DF2811194EECA000BDFCB1 /* KeyboardDivider.swift */ = {isa = PBXFileReference; fileEncoding = 4; lastKnownFileType = sourcecode.swift; path = KeyboardDivider.swift; sourceTree = "<group>"; };
		C9E39E47194EDC3B00FB7C8A /* Keyboard-Bridging-Header.h */ = {isa = PBXFileReference; lastKnownFileType = sourcecode.c.h; path = "Keyboard-Bridging-Header.h"; sourceTree = "<group>"; };
		C9E39E48194EDC3B00FB7C8A /* ViewController.swift */ = {isa = PBXFileReference; fileEncoding = 4; lastKnownFileType = sourcecode.swift; path = ViewController.swift; sourceTree = "<group>"; };
/* End PBXFileReference section */

/* Begin PBXFrameworksBuildPhase section */
		C9496ACE193DB1080019E371 /* Frameworks */ = {
			isa = PBXFrameworksBuildPhase;
			buildActionMask = 2147483647;
			files = (
			);
			runOnlyForDeploymentPostprocessing = 0;
		};
		C9496AE4193DB1080019E371 /* Frameworks */ = {
			isa = PBXFrameworksBuildPhase;
			buildActionMask = 2147483647;
			files = (
			);
			runOnlyForDeploymentPostprocessing = 0;
		};
		C95A10EF194E683D00158C31 /* Frameworks */ = {
			isa = PBXFrameworksBuildPhase;
			buildActionMask = 2147483647;
			files = (
			);
			runOnlyForDeploymentPostprocessing = 0;
		};
/* End PBXFrameworksBuildPhase section */

/* Begin PBXGroup section */
		C9496AC8193DB1080019E371 = {
			isa = PBXGroup;
			children = (
				C9496AD3193DB1080019E371 /* Keyboard */,
				C9496AEA193DB1080019E371 /* KeyboardTests */,
				C95A10F3194E683D00158C31 /* KeyboardExtension */,
				C9496AD2193DB1080019E371 /* Products */,
			);
			sourceTree = "<group>";
		};
		C9496AD2193DB1080019E371 /* Products */ = {
			isa = PBXGroup;
			children = (
				C9496AD1193DB1080019E371 /* Keyboard.app */,
				C9496AE7193DB1080019E371 /* KeyboardTests.xctest */,
				C95A10F2194E683D00158C31 /* mattzanchelli.Keyboard.KeyboardExtension.appex */,
			);
			name = Products;
			sourceTree = "<group>";
		};
		C9496AD3193DB1080019E371 /* Keyboard */ = {
			isa = PBXGroup;
			children = (
				C9496AD8193DB1080019E371 /* AppDelegate.h */,
				C9496AD9193DB1080019E371 /* AppDelegate.m */,
				C9E39E48194EDC3B00FB7C8A /* ViewController.swift */,
				C9496ADE193DB1080019E371 /* Main.storyboard */,
				C9496AE1193DB1080019E371 /* Images.xcassets */,
				C9496AD4193DB1080019E371 /* Supporting Files */,
				C9E39E47194EDC3B00FB7C8A /* Keyboard-Bridging-Header.h */,
			);
			path = Keyboard;
			sourceTree = "<group>";
		};
		C9496AD4193DB1080019E371 /* Supporting Files */ = {
			isa = PBXGroup;
			children = (
				C9496AD5193DB1080019E371 /* Info.plist */,
				C9496AD6193DB1080019E371 /* main.m */,
			);
			name = "Supporting Files";
			sourceTree = "<group>";
		};
		C9496AEA193DB1080019E371 /* KeyboardTests */ = {
			isa = PBXGroup;
			children = (
				C9496AED193DB1080019E371 /* KeyboardTests.m */,
				C9496AEB193DB1080019E371 /* Supporting Files */,
			);
			path = KeyboardTests;
			sourceTree = "<group>";
		};
		C9496AEB193DB1080019E371 /* Supporting Files */ = {
			isa = PBXGroup;
			children = (
				C9496AEC193DB1080019E371 /* Info.plist */,
			);
			name = "Supporting Files";
			sourceTree = "<group>";
		};
		C95A10F3194E683D00158C31 /* KeyboardExtension */ = {
			isa = PBXGroup;
			children = (
				C95A10F6194E683D00158C31 /* KeyboardViewController.swift */,
				C9DF280F194EE3F500BDFCB1 /* KeyboardKey.swift */,
				C9DC8673194FB3380014EAE9 /* Spacebar.swift */,
				C98CA732194FFC4B0099B9F7 /* ShiftKey.swift */,
				C9DF2811194EECA000BDFCB1 /* KeyboardDivider.swift */,
				C9DEE719194E6A98005B6296 /* KeyboardViewController_Traits.swift */,
				C9DEE71B194E7372005B6296 /* KeyboardAppearance.swift */,
				C94849EF194E967300B0B0A2 /* StringExtensions.swift */,
				C9D1881F194EBA62003739C1 /* Images.xcassets */,
				C95A10F4194E683D00158C31 /* Supporting Files */,
			);
			path = KeyboardExtension;
			sourceTree = "<group>";
		};
		C95A10F4194E683D00158C31 /* Supporting Files */ = {
			isa = PBXGroup;
			children = (
				C95A10F5194E683D00158C31 /* Info.plist */,
			);
			name = "Supporting Files";
			sourceTree = "<group>";
		};
/* End PBXGroup section */

/* Begin PBXNativeTarget section */
		C9496AD0193DB1080019E371 /* Keyboard */ = {
			isa = PBXNativeTarget;
			buildConfigurationList = C9496AF1193DB1080019E371 /* Build configuration list for PBXNativeTarget "Keyboard" */;
			buildPhases = (
				C9496ACD193DB1080019E371 /* Sources */,
				C9496ACE193DB1080019E371 /* Frameworks */,
				C9496ACF193DB1080019E371 /* Resources */,
				C9496B0A193DB1410019E371 /* Embed App Extensions */,
			);
			buildRules = (
			);
			dependencies = (
				C95A10F9194E683D00158C31 /* PBXTargetDependency */,
				C95A10FC194E683D00158C31 /* PBXTargetDependency */,
			);
			name = Keyboard;
			productName = Keyboard;
			productReference = C9496AD1193DB1080019E371 /* Keyboard.app */;
			productType = "com.apple.product-type.application";
		};
		C9496AE6193DB1080019E371 /* KeyboardTests */ = {
			isa = PBXNativeTarget;
			buildConfigurationList = C9496AF4193DB1080019E371 /* Build configuration list for PBXNativeTarget "KeyboardTests" */;
			buildPhases = (
				C9496AE3193DB1080019E371 /* Sources */,
				C9496AE4193DB1080019E371 /* Frameworks */,
				C9496AE5193DB1080019E371 /* Resources */,
			);
			buildRules = (
			);
			dependencies = (
				C9496AE9193DB1080019E371 /* PBXTargetDependency */,
			);
			name = KeyboardTests;
			productName = KeyboardTests;
			productReference = C9496AE7193DB1080019E371 /* KeyboardTests.xctest */;
			productType = "com.apple.product-type.bundle.unit-test";
		};
		C95A10F1194E683D00158C31 /* KeyboardExtension */ = {
			isa = PBXNativeTarget;
			buildConfigurationList = C95A10FD194E683D00158C31 /* Build configuration list for PBXNativeTarget "KeyboardExtension" */;
			buildPhases = (
				C95A10EE194E683D00158C31 /* Sources */,
				C95A10EF194E683D00158C31 /* Frameworks */,
				C95A10F0194E683D00158C31 /* Resources */,
			);
			buildRules = (
			);
			dependencies = (
			);
			name = KeyboardExtension;
			productName = KeyboardExtension;
			productReference = C95A10F2194E683D00158C31 /* mattzanchelli.Keyboard.KeyboardExtension.appex */;
			productType = "com.apple.product-type.app-extension";
		};
/* End PBXNativeTarget section */

/* Begin PBXProject section */
		C9496AC9193DB1080019E371 /* Project object */ = {
			isa = PBXProject;
			attributes = {
				LastUpgradeCheck = 0600;
				ORGANIZATIONNAME = "Matt Zanchelli";
				TargetAttributes = {
					C9496AD0193DB1080019E371 = {
						CreatedOnToolsVersion = 6.0;
					};
					C9496AE6193DB1080019E371 = {
						CreatedOnToolsVersion = 6.0;
						TestTargetID = C9496AD0193DB1080019E371;
					};
					C95A10F1194E683D00158C31 = {
						CreatedOnToolsVersion = 6.0;
					};
				};
			};
			buildConfigurationList = C9496ACC193DB1080019E371 /* Build configuration list for PBXProject "Keyboard" */;
			compatibilityVersion = "Xcode 3.2";
			developmentRegion = English;
			hasScannedForEncodings = 0;
			knownRegions = (
				en,
				Base,
			);
			mainGroup = C9496AC8193DB1080019E371;
			productRefGroup = C9496AD2193DB1080019E371 /* Products */;
			projectDirPath = "";
			projectRoot = "";
			targets = (
				C9496AD0193DB1080019E371 /* Keyboard */,
				C9496AE6193DB1080019E371 /* KeyboardTests */,
				C95A10F1194E683D00158C31 /* KeyboardExtension */,
			);
		};
/* End PBXProject section */

/* Begin PBXResourcesBuildPhase section */
		C9496ACF193DB1080019E371 /* Resources */ = {
			isa = PBXResourcesBuildPhase;
			buildActionMask = 2147483647;
			files = (
				C9496AE0193DB1080019E371 /* Main.storyboard in Resources */,
				C9496AE2193DB1080019E371 /* Images.xcassets in Resources */,
			);
			runOnlyForDeploymentPostprocessing = 0;
		};
		C9496AE5193DB1080019E371 /* Resources */ = {
			isa = PBXResourcesBuildPhase;
			buildActionMask = 2147483647;
			files = (
			);
			runOnlyForDeploymentPostprocessing = 0;
		};
		C95A10F0194E683D00158C31 /* Resources */ = {
			isa = PBXResourcesBuildPhase;
			buildActionMask = 2147483647;
			files = (
				C9D18820194EBA62003739C1 /* Images.xcassets in Resources */,
			);
			runOnlyForDeploymentPostprocessing = 0;
		};
/* End PBXResourcesBuildPhase section */

/* Begin PBXSourcesBuildPhase section */
		C9496ACD193DB1080019E371 /* Sources */ = {
			isa = PBXSourcesBuildPhase;
			buildActionMask = 2147483647;
			files = (
				C9496ADA193DB1080019E371 /* AppDelegate.m in Sources */,
				C9E39E49194EDC3B00FB7C8A /* ViewController.swift in Sources */,
				C9496AD7193DB1080019E371 /* main.m in Sources */,
			);
			runOnlyForDeploymentPostprocessing = 0;
		};
		C9496AE3193DB1080019E371 /* Sources */ = {
			isa = PBXSourcesBuildPhase;
			buildActionMask = 2147483647;
			files = (
				C9496AEE193DB1080019E371 /* KeyboardTests.m in Sources */,
			);
			runOnlyForDeploymentPostprocessing = 0;
		};
		C95A10EE194E683D00158C31 /* Sources */ = {
			isa = PBXSourcesBuildPhase;
			buildActionMask = 2147483647;
			files = (
				C98CA733194FFC4B0099B9F7 /* ShiftKey.swift in Sources */,
				C9DC8674194FB3380014EAE9 /* Spacebar.swift in Sources */,
				C94849F0194E967300B0B0A2 /* StringExtensions.swift in Sources */,
				C9DEE71A194E6A98005B6296 /* KeyboardViewController_Traits.swift in Sources */,
				C9DF2810194EE3F500BDFCB1 /* KeyboardKey.swift in Sources */,
				C95A10F7194E683D00158C31 /* KeyboardViewController.swift in Sources */,
				C9DF2812194EECA000BDFCB1 /* KeyboardDivider.swift in Sources */,
				C9DEE71C194E7372005B6296 /* KeyboardAppearance.swift in Sources */,
			);
			runOnlyForDeploymentPostprocessing = 0;
		};
/* End PBXSourcesBuildPhase section */

/* Begin PBXTargetDependency section */
		C9496AE9193DB1080019E371 /* PBXTargetDependency */ = {
			isa = PBXTargetDependency;
			target = C9496AD0193DB1080019E371 /* Keyboard */;
			targetProxy = C9496AE8193DB1080019E371 /* PBXContainerItemProxy */;
		};
		C95A10F9194E683D00158C31 /* PBXTargetDependency */ = {
			isa = PBXTargetDependency;
			target = C95A10F1194E683D00158C31 /* KeyboardExtension */;
			targetProxy = C95A10F8194E683D00158C31 /* PBXContainerItemProxy */;
		};
		C95A10FC194E683D00158C31 /* PBXTargetDependency */ = {
			isa = PBXTargetDependency;
			target = C95A10F1194E683D00158C31 /* KeyboardExtension */;
			targetProxy = C95A10FB194E683D00158C31 /* PBXContainerItemProxy */;
		};
/* End PBXTargetDependency section */

/* Begin PBXVariantGroup section */
		C9496ADE193DB1080019E371 /* Main.storyboard */ = {
			isa = PBXVariantGroup;
			children = (
				C9496ADF193DB1080019E371 /* Base */,
			);
			name = Main.storyboard;
			sourceTree = "<group>";
		};
/* End PBXVariantGroup section */

/* Begin XCBuildConfiguration section */
		C9496AEF193DB1080019E371 /* Debug */ = {
			isa = XCBuildConfiguration;
			buildSettings = {
				ALWAYS_SEARCH_USER_PATHS = NO;
				CLANG_CXX_LANGUAGE_STANDARD = "gnu++0x";
				CLANG_CXX_LIBRARY = "libc++";
				CLANG_ENABLE_MODULES = YES;
				CLANG_ENABLE_OBJC_ARC = YES;
				CLANG_WARN_BOOL_CONVERSION = YES;
				CLANG_WARN_CONSTANT_CONVERSION = YES;
				CLANG_WARN_DIRECT_OBJC_ISA_USAGE = YES_ERROR;
				CLANG_WARN_EMPTY_BODY = YES;
				CLANG_WARN_ENUM_CONVERSION = YES;
				CLANG_WARN_INT_CONVERSION = YES;
				CLANG_WARN_OBJC_ROOT_CLASS = YES_ERROR;
				CLANG_WARN_UNREACHABLE_CODE = YES;
				CLANG_WARN__DUPLICATE_METHOD_MATCH = YES;
				"CODE_SIGN_IDENTITY[sdk=iphoneos*]" = "iPhone Developer";
				COPY_PHASE_STRIP = NO;
				ENABLE_STRICT_OBJC_MSGSEND = YES;
				GCC_C_LANGUAGE_STANDARD = gnu99;
				GCC_DYNAMIC_NO_PIC = NO;
				GCC_OPTIMIZATION_LEVEL = 0;
				GCC_PREPROCESSOR_DEFINITIONS = (
					"DEBUG=1",
					"$(inherited)",
				);
				GCC_SYMBOLS_PRIVATE_EXTERN = NO;
				GCC_WARN_64_TO_32_BIT_CONVERSION = YES;
				GCC_WARN_ABOUT_RETURN_TYPE = YES_ERROR;
				GCC_WARN_UNDECLARED_SELECTOR = YES;
				GCC_WARN_UNINITIALIZED_AUTOS = YES_AGGRESSIVE;
				GCC_WARN_UNUSED_FUNCTION = YES;
				GCC_WARN_UNUSED_VARIABLE = YES;
				IPHONEOS_DEPLOYMENT_TARGET = 8.0;
				METAL_ENABLE_DEBUG_INFO = YES;
				ONLY_ACTIVE_ARCH = YES;
				SDKROOT = iphoneos;
				TARGETED_DEVICE_FAMILY = "1,2";
			};
			name = Debug;
		};
		C9496AF0193DB1080019E371 /* Release */ = {
			isa = XCBuildConfiguration;
			buildSettings = {
				ALWAYS_SEARCH_USER_PATHS = NO;
				CLANG_CXX_LANGUAGE_STANDARD = "gnu++0x";
				CLANG_CXX_LIBRARY = "libc++";
				CLANG_ENABLE_MODULES = YES;
				CLANG_ENABLE_OBJC_ARC = YES;
				CLANG_WARN_BOOL_CONVERSION = YES;
				CLANG_WARN_CONSTANT_CONVERSION = YES;
				CLANG_WARN_DIRECT_OBJC_ISA_USAGE = YES_ERROR;
				CLANG_WARN_EMPTY_BODY = YES;
				CLANG_WARN_ENUM_CONVERSION = YES;
				CLANG_WARN_INT_CONVERSION = YES;
				CLANG_WARN_OBJC_ROOT_CLASS = YES_ERROR;
				CLANG_WARN_UNREACHABLE_CODE = YES;
				CLANG_WARN__DUPLICATE_METHOD_MATCH = YES;
				"CODE_SIGN_IDENTITY[sdk=iphoneos*]" = "iPhone Developer";
				COPY_PHASE_STRIP = YES;
				ENABLE_NS_ASSERTIONS = NO;
				ENABLE_STRICT_OBJC_MSGSEND = YES;
				GCC_C_LANGUAGE_STANDARD = gnu99;
				GCC_WARN_64_TO_32_BIT_CONVERSION = YES;
				GCC_WARN_ABOUT_RETURN_TYPE = YES_ERROR;
				GCC_WARN_UNDECLARED_SELECTOR = YES;
				GCC_WARN_UNINITIALIZED_AUTOS = YES_AGGRESSIVE;
				GCC_WARN_UNUSED_FUNCTION = YES;
				GCC_WARN_UNUSED_VARIABLE = YES;
				IPHONEOS_DEPLOYMENT_TARGET = 8.0;
				METAL_ENABLE_DEBUG_INFO = NO;
				SDKROOT = iphoneos;
				TARGETED_DEVICE_FAMILY = "1,2";
				VALIDATE_PRODUCT = YES;
			};
			name = Release;
		};
		C9496AF2193DB1080019E371 /* Debug */ = {
			isa = XCBuildConfiguration;
			buildSettings = {
				ASSETCATALOG_COMPILER_APPICON_NAME = AppIcon;
				ASSETCATALOG_COMPILER_LAUNCHIMAGE_NAME = LaunchImage;
				CLANG_ENABLE_MODULES = YES;
				INFOPLIST_FILE = Keyboard/Info.plist;
				LD_RUNPATH_SEARCH_PATHS = "$(inherited) @executable_path/Frameworks";
				PRODUCT_NAME = "$(TARGET_NAME)";
				SWIFT_OBJC_BRIDGING_HEADER = "Keyboard/Keyboard-Bridging-Header.h";
				SWIFT_OPTIMIZATION_LEVEL = "-Onone";
			};
			name = Debug;
		};
		C9496AF3193DB1080019E371 /* Release */ = {
			isa = XCBuildConfiguration;
			buildSettings = {
				ASSETCATALOG_COMPILER_APPICON_NAME = AppIcon;
				ASSETCATALOG_COMPILER_LAUNCHIMAGE_NAME = LaunchImage;
				CLANG_ENABLE_MODULES = YES;
				INFOPLIST_FILE = Keyboard/Info.plist;
				LD_RUNPATH_SEARCH_PATHS = "$(inherited) @executable_path/Frameworks";
				PRODUCT_NAME = "$(TARGET_NAME)";
				SWIFT_OBJC_BRIDGING_HEADER = "Keyboard/Keyboard-Bridging-Header.h";
			};
			name = Release;
		};
		C9496AF5193DB1080019E371 /* Debug */ = {
			isa = XCBuildConfiguration;
			buildSettings = {
				BUNDLE_LOADER = "$(BUILT_PRODUCTS_DIR)/Keyboard.app/Keyboard";
				FRAMEWORK_SEARCH_PATHS = (
					"$(SDKROOT)/Developer/Library/Frameworks",
					"$(inherited)",
				);
				GCC_PREPROCESSOR_DEFINITIONS = (
					"DEBUG=1",
					"$(inherited)",
				);
				INFOPLIST_FILE = KeyboardTests/Info.plist;
				LD_RUNPATH_SEARCH_PATHS = "$(inherited) @executable_path/Frameworks @loader_path/Frameworks";
				METAL_ENABLE_DEBUG_INFO = YES;
				PRODUCT_NAME = "$(TARGET_NAME)";
				TEST_HOST = "$(BUNDLE_LOADER)";
			};
			name = Debug;
		};
		C9496AF6193DB1080019E371 /* Release */ = {
			isa = XCBuildConfiguration;
			buildSettings = {
				BUNDLE_LOADER = "$(BUILT_PRODUCTS_DIR)/Keyboard.app/Keyboard";
				FRAMEWORK_SEARCH_PATHS = (
					"$(SDKROOT)/Developer/Library/Frameworks",
					"$(inherited)",
				);
				INFOPLIST_FILE = KeyboardTests/Info.plist;
				LD_RUNPATH_SEARCH_PATHS = "$(inherited) @executable_path/Frameworks @loader_path/Frameworks";
				METAL_ENABLE_DEBUG_INFO = NO;
				PRODUCT_NAME = "$(TARGET_NAME)";
				TEST_HOST = "$(BUNDLE_LOADER)";
			};
			name = Release;
		};
		C95A10FE194E683D00158C31 /* Debug */ = {
			isa = XCBuildConfiguration;
			buildSettings = {
				CLANG_ENABLE_MODULES = YES;
				GCC_PREPROCESSOR_DEFINITIONS = (
					"DEBUG=1",
					"$(inherited)",
				);
				INFOPLIST_FILE = KeyboardExtension/Info.plist;
				LD_RUNPATH_SEARCH_PATHS = "$(inherited) @executable_path/Frameworks @executable_path/../../Frameworks";
				METAL_ENABLE_DEBUG_INFO = YES;
				PRODUCT_NAME = "mattzanchelli.Keyboard.$(TARGET_NAME:rfc1034identifier)";
				SKIP_INSTALL = YES;
				SWIFT_OPTIMIZATION_LEVEL = "-Onone";
			};
			name = Debug;
		};
		C95A10FF194E683D00158C31 /* Release */ = {
			isa = XCBuildConfiguration;
			buildSettings = {
				CLANG_ENABLE_MODULES = YES;
				INFOPLIST_FILE = KeyboardExtension/Info.plist;
				LD_RUNPATH_SEARCH_PATHS = "$(inherited) @executable_path/Frameworks @executable_path/../../Frameworks";
				METAL_ENABLE_DEBUG_INFO = NO;
				PRODUCT_NAME = "mattzanchelli.Keyboard.$(TARGET_NAME:rfc1034identifier)";
				SKIP_INSTALL = YES;
			};
			name = Release;
		};
/* End XCBuildConfiguration section */

/* Begin XCConfigurationList section */
		C9496ACC193DB1080019E371 /* Build configuration list for PBXProject "Keyboard" */ = {
			isa = XCConfigurationList;
			buildConfigurations = (
				C9496AEF193DB1080019E371 /* Debug */,
				C9496AF0193DB1080019E371 /* Release */,
			);
			defaultConfigurationIsVisible = 0;
			defaultConfigurationName = Release;
		};
		C9496AF1193DB1080019E371 /* Build configuration list for PBXNativeTarget "Keyboard" */ = {
			isa = XCConfigurationList;
			buildConfigurations = (
				C9496AF2193DB1080019E371 /* Debug */,
				C9496AF3193DB1080019E371 /* Release */,
			);
			defaultConfigurationIsVisible = 0;
			defaultConfigurationName = Release;
		};
		C9496AF4193DB1080019E371 /* Build configuration list for PBXNativeTarget "KeyboardTests" */ = {
			isa = XCConfigurationList;
			buildConfigurations = (
				C9496AF5193DB1080019E371 /* Debug */,
				C9496AF6193DB1080019E371 /* Release */,
			);
			defaultConfigurationIsVisible = 0;
			defaultConfigurationName = Release;
		};
		C95A10FD194E683D00158C31 /* Build configuration list for PBXNativeTarget "KeyboardExtension" */ = {
			isa = XCConfigurationList;
			buildConfigurations = (
				C95A10FE194E683D00158C31 /* Debug */,
				C95A10FF194E683D00158C31 /* Release */,
			);
			defaultConfigurationIsVisible = 0;
			defaultConfigurationName = Release;
		};
/* End XCConfigurationList section */
	};
	rootObject = C9496AC9193DB1080019E371 /* Project object */;
}
